{
  "name": "@bytecodealliance/weval",
  "version": "0.5.0",
  "lockfileVersion": 3,
  "requires": true,
  "packages": {
    "": {
      "name": "@bytecodealliance/weval",
      "version": "0.5.0",
      "license": "Apache-2.0",
      "dependencies": {
        "@napi-rs/lzma": "^1.1.2",
        "fflate": "^0.8.3",
        "tar": "^7.5.19"
      },
      "engines": {
        "node": ">=16"
      }
    },
    "node_modules/@emnapi/core": {
      "version": "1.11.2",
      "resolved": "https://registry.npmjs.org/@emnapi/core/-/core-1.11.2.tgz",
      "integrity": "sha512-TC8MkTuZUtcTSiFeuC0ksCh9QIJ5+F21MvZ4Wn4ORfYaFJ/0dsiudv5tVkejgwZlwQ39jL9WWDe2lz8x0WglOA==",
      "license": "MIT",
      "optional": true,
      "dependencies": {
        "@emnapi/wasi-threads": "1.2.2",
        "tslib": "^2.4.0"
      }
    },
    "node_modules/@emnapi/runtime": {
      "version": "1.11.2",
      "resolved": "https://registry.npmjs.org/@emnapi/runtime/-/runtime-1.11.2.tgz",
      "integrity": "sha512-kyOl3X0DuTiT1h2ft8r2fYO8JYtU9a9Xis/zBSiGArNaagCOWx90N1k2wxp18czFDH+OgcWGb5ZP/XMt3dcyPA==",
      "license": "MIT",
      "optional": true,
      "dependencies": {
        "tslib": "^2.4.0"
      }
    },
    "node_modules/@emnapi/wasi-threads": {
      "version": "1.2.2",
      "resolved": "https://registry.npmjs.org/@emnapi/wasi-threads/-/wasi-threads-1.2.2.tgz",
      "integrity": "sha512-c95qOXkHdydNKhscBTebqEC1CVAZpyqOfVfBzQ1qgzyl3gfeldUjIggDbIZgDKsHLgnsM+igH7TJ/eAasaVuMA==",
      "license": "MIT",
      "optional": true,
      "dependencies": {
        "tslib": "^2.4.0"
      }
    },
    "node_modules/@isaacs/fs-minipass": {
      "version": "4.0.1",
      "resolved": "https://registry.npmjs.org/@isaacs/fs-minipass/-/fs-minipass-4.0.1.tgz",
      "integrity": "sha512-wgm9Ehl2jpeqP3zw/7mo3kRHFp5MEDhqAdwy1fTGkHAwnkGOVsgpvQhL8B5n1qlb01jV3n/bI0ZfZp5lWA1k4w==",
      "license": "ISC",
      "dependencies": {
        "minipass": "^7.0.4"
      },
      "engines": {
        "node": ">=18.0.0"
      }
    },
    "node_modules/@napi-rs/lzma": {
      "version": "1.5.1",
      "resolved": "https://registry.npmjs.org/@napi-rs/lzma/-/lzma-1.5.1.tgz",
      "integrity": "sha512-sgOZ89+y8cDbY+3WbzR8CtIhCuFRWotZ9/2PjPVDJHz6np5KFTAev0DrwiyTJTgFsCRDhfGlbmhMgyhHbWdZ6g==",
      "license": "MIT",
      "engines": {
        "node": "^22.20 || ^24.12 || >=25"
      },
      "funding": {
        "type": "github",
        "url": "https://github.com/sponsors/Brooooooklyn"
      },
      "optionalDependencies": {
        "@napi-rs/lzma-android-arm-eabi": "1.5.1",
        "@napi-rs/lzma-android-arm64": "1.5.1",
        "@napi-rs/lzma-darwin-arm64": "1.5.1",
        "@napi-rs/lzma-darwin-x64": "1.5.1",
        "@napi-rs/lzma-freebsd-x64": "1.5.1",
        "@napi-rs/lzma-linux-arm-gnueabihf": "1.5.1",
        "@napi-rs/lzma-linux-arm64-gnu": "1.5.1",
        "@napi-rs/lzma-linux-arm64-musl": "1.5.1",
        "@napi-rs/lzma-linux-ppc64-gnu": "1.5.1",
        "@napi-rs/lzma-linux-riscv64-gnu": "1.5.1",
        "@napi-rs/lzma-linux-s390x-gnu": "1.5.1",
        "@napi-rs/lzma-linux-x64-gnu": "1.5.1",
        "@napi-rs/lzma-linux-x64-musl": "1.5.1",
        "@napi-rs/lzma-wasm32-wasi": "1.5.1",
        "@napi-rs/lzma-win32-arm64-msvc": "1.5.1",
        "@napi-rs/lzma-win32-ia32-msvc": "1.5.1",
        "@napi-rs/lzma-win32-x64-msvc": "1.5.1"
      }
    },
    "node_modules/@napi-rs/lzma-android-arm-eabi": {
      "version": "1.5.1",
      "resolved": "https://registry.npmjs.org/@napi-rs/lzma-android-arm-eabi/-/lzma-android-arm-eabi-1.5.1.tgz",
      "integrity": "sha512-sahBe4ko2Z69NPTddaX6ZgbQZu9SDoITxw1S3dWl1gAGynZG34qHHCT8UaUMFxf3h3zMhCJjEzz4basaBxiTuQ==",
      "cpu": [
        "arm"
      ],
      "license": "MIT",
      "optional": true,
      "os": [
        "android"
      ],
      "engines": {
        "node": "^22.20 || ^24.12 || >=25"
      }
    },
    "node_modules/@napi-rs/lzma-android-arm64": {
      "version": "1.5.1",
      "resolved": "https://registry.npmjs.org/@napi-rs/lzma-android-arm64/-/lzma-android-arm64-1.5.1.tgz",
      "integrity": "sha512-7tkQAJJuBHxAxiEBNFgSTpvrtGpbwZYYJUSOmGEK3OfbdbNeoT2rdBxpM/gY1s+itEVbtOSlpaRPPG19MnwOzA==",
      "cpu": [
        "arm64"
      ],
      "license": "MIT",
      "optional": true,
      "os": [
        "android"
      ],
      "engines": {
        "node": "^22.20 || ^24.12 || >=25"
      }
    },
    "node_modules/@napi-rs/lzma-darwin-arm64": {
      "version": "1.5.1",
      "resolved": "https://registry.npmjs.org/@napi-rs/lzma-darwin-arm64/-/lzma-darwin-arm64-1.5.1.tgz",
      "integrity": "sha512-XWX8gtF+GHGk3nH3Wm3QUZNcxw9QHsFVZz3MzVLhWWHhceede1J4/vD+3dj3E1iKB9G6mualaZxOoD08R3E+7g==",
      "cpu": [
        "arm64"
      ],
      "license": "MIT",
      "optional": true,
      "os": [
        "darwin"
      ],
      "engines": {
        "node": "^22.20 || ^24.12 || >=25"
      }
    },
    "node_modules/@napi-rs/lzma-darwin-x64": {
      "version": "1.5.1",
      "resolved": "https://registry.npmjs.org/@napi-rs/lzma-darwin-x64/-/lzma-darwin-x64-1.5.1.tgz",
      "integrity": "sha512-CfsqUpMTI1z8enrA/b+GcHM6YDI8D0kqCiqPYEnst4rbOABQ9KZ92ybTTNnlnZ7A017WoMZKUEWc36KXDwi0xg==",
      "cpu": [
        "x64"
      ],
      "license": "MIT",
      "optional": true,
      "os": [
        "darwin"
      ],
      "engines": {
        "node": "^22.20 || ^24.12 || >=25"
      }
    },
    "node_modules/@napi-rs/lzma-freebsd-x64": {
      "version": "1.5.1",
      "resolved": "https://registry.npmjs.org/@napi-rs/lzma-freebsd-x64/-/lzma-freebsd-x64-1.5.1.tgz",
      "integrity": "sha512-bTyNfg90FXIgE61U7l14aMmVOqRQ6AyP5JMT3jmCStaZI18apLNPdzZ8i7yqxZfKvRMVfPjE2brXIw27c+RRgA==",
      "cpu": [
        "x64"
      ],
      "license": "MIT",
      "optional": true,
      "os": [
        "freebsd"
      ],
      "engines": {
        "node": "^22.20 || ^24.12 || >=25"
      }
    },
    "node_modules/@napi-rs/lzma-linux-arm-gnueabihf": {
      "version": "1.5.1",
      "resolved": "https://registry.npmjs.org/@napi-rs/lzma-linux-arm-gnueabihf/-/lzma-linux-arm-gnueabihf-1.5.1.tgz",
      "integrity": "sha512-vNE+D8nrw+eOkBsdKCsmDhowDV3pIMKXEhedvXfbgrWbrO7GlZJH+RXL+X+RYLxGwi8Ym61ZMt15sIOnNmh9Sw==",
      "cpu": [
        "arm"
      ],
      "license": "MIT",
      "optional": true,
      "os": [
        "linux"
      ],
      "engines": {
        "node": "^22.20 || ^24.12 || >=25"
      }
    },
    "node_modules/@napi-rs/lzma-linux-arm64-gnu": {
      "version": "1.5.1",
      "resolved": "https://registry.npmjs.org/@napi-rs/lzma-linux-arm64-gnu/-/lzma-linux-arm64-gnu-1.5.1.tgz",
      "integrity": "sha512-csUem4WgoKGTprv/pOPm9UIWbb+hrfUwYXefpTHPAEGVFLl5behEFabisJ7FtihCa3yG2Efcl+yw25rlhhrIYw==",
      "cpu": [
        "arm64"
      ],
      "libc": [
        "glibc"
      ],
      "license": "MIT",
      "optional": true,
      "os": [
        "linux"
      ],
      "engines": {
        "node": "^22.20 || ^24.12 || >=25"
      }
    },
    "node_modules/@napi-rs/lzma-linux-arm64-musl": {
      "version": "1.5.1",
      "resolved": "https://registry.npmjs.org/@napi-rs/lzma-linux-arm64-musl/-/lzma-linux-arm64-musl-1.5.1.tgz",
      "integrity": "sha512-kB/xhlVN1eLvVmDJSKZEjp5Gg2xDYexNrB5jwpSMbOkeGS6N9AasByPBg5VqCpMYC+zZi7DM458DRhtWYhqXTQ==",
      "cpu": [
        "arm64"
      ],
      "libc": [
        "musl"
      ],
      "license": "MIT",
      "optional": true,
      "os": [
        "linux"
      ],
      "engines": {
        "node": "^22.20 || ^24.12 || >=25"
      }
    },
    "node_modules/@napi-rs/lzma-linux-ppc64-gnu": {
      "version": "1.5.1",
      "resolved": "https://registry.npmjs.org/@napi-rs/lzma-linux-ppc64-gnu/-/lzma-linux-ppc64-gnu-1.5.1.tgz",
      "integrity": "sha512-s28RW0W1yBWQc1nbPdF7tp14koqslY3ZWLVI8uaanX292Dc6ezd4NPVwxEoCNBVON/oD7BmUbWGtyFvmm7dQ5A==",
      "cpu": [
        "ppc64"
      ],
      "libc": [
        "glibc"
      ],
      "license": "MIT",
      "optional": true,
      "os": [
        "linux"
      ],
      "engines": {
        "node": "^22.20 || ^24.12 || >=25"
      }
    },
    "node_modules/@napi-rs/lzma-linux-riscv64-gnu": {
      "version": "1.5.1",
      "resolved": "https://registry.npmjs.org/@napi-rs/lzma-linux-riscv64-gnu/-/lzma-linux-riscv64-gnu-1.5.1.tgz",
      "integrity": "sha512-+lGNwYlIN14YPMTNvYtIJJqHFevDTd6Juw/1NmXbWx/iRd/LLrjhlM/yluMX6pxs6NkOGsuuEXJJrbbEUS59OQ==",
      "cpu": [
        "riscv64"
      ],
      "libc": [
        "glibc"
      ],
      "license": "MIT",
      "optional": true,
      "os": [
        "linux"
      ],
      "engines": {
        "node": "^22.20 || ^24.12 || >=25"
      }
    },
    "node_modules/@napi-rs/lzma-linux-s390x-gnu": {
      "version": "1.5.1",
      "resolved": "https://registry.npmjs.org/@napi-rs/lzma-linux-s390x-gnu/-/lzma-linux-s390x-gnu-1.5.1.tgz",
      "integrity": "sha512-PB44FFWWFrLeQowhcep1hPD1YcLqKlnnY60RMU74qrxTlr4YGEyzeMItJqh2uivBfv9kQScOF/B0J9+Vab/oyw==",
      "cpu": [
        "s390x"
      ],
      "libc": [
        "glibc"
      ],
      "license": "MIT",
      "optional": true,
      "os": [
        "linux"
      ],
      "engines": {
        "node": "^22.20 || ^24.12 || >=25"
      }
    },
    "node_modules/@napi-rs/lzma-linux-x64-gnu": {
      "version": "1.5.1",
      "resolved": "https://registry.npmjs.org/@napi-rs/lzma-linux-x64-gnu/-/lzma-linux-x64-gnu-1.5.1.tgz",
      "integrity": "sha512-oTXEIha4SsuXdTA4Iyskj0kpdx2yVXdhd75c2v3xGrHFfVMsbhTPZU/nMPL4sWKo4pBHm3aucLaqGlF696dTyQ==",
      "cpu": [
        "x64"
      ],
      "libc": [
        "glibc"
      ],
      "license": "MIT",
      "optional": true,
      "os": [
        "linux"
      ],
      "engines": {
        "node": "^22.20 || ^24.12 || >=25"
      }
    },
    "node_modules/@napi-rs/lzma-linux-x64-musl": {
      "version": "1.5.1",
      "resolved": "https://registry.npmjs.org/@napi-rs/lzma-linux-x64-musl/-/lzma-linux-x64-musl-1.5.1.tgz",
      "integrity": "sha512-I3nsYrWtrW9JpeCr+mkJIVDt0HY3m6qVUBs5vTtoIvJQxwqf1PBXSy5IS7T53ksQFH2kd2UX8rLxJ7B4WISpZg==",
      "cpu": [
        "x64"
      ],
      "libc": [
        "musl"
      ],
      "license": "MIT",
      "optional": true,
      "os": [
        "linux"
      ],
      "engines": {
        "node": "^22.20 || ^24.12 || >=25"
      }
    },
    "node_modules/@napi-rs/lzma-wasm32-wasi": {
      "version": "1.5.1",
      "resolved": "https://registry.npmjs.org/@napi-rs/lzma-wasm32-wasi/-/lzma-wasm32-wasi-1.5.1.tgz",
      "integrity": "sha512-gy3wwPBa6+XEyA4fUzq6CClrXA1ajXjuVf5zbnHytJRgoHznj+mvpU3+co2fxXwqTCmIpn6KrzqH5bRDztBPhA==",
      "cpu": [
        "wasm32"
      ],
      "license": "MIT",
      "optional": true,
      "dependencies": {
        "@emnapi/core": "1.11.2",
        "@emnapi/runtime": "1.11.2",
        "@napi-rs/wasm-runtime": "^1.1.6"
      },
      "engines": {
        "node": "^22.20 || ^24.12 || >=25"
      }
    },
    "node_modules/@napi-rs/lzma-win32-arm64-msvc": {
      "version": "1.5.1",
      "resolved": "https://registry.npmjs.org/@napi-rs/lzma-win32-arm64-msvc/-/lzma-win32-arm64-msvc-1.5.1.tgz",
      "integrity": "sha512-dK+huOsHiyH6oJjij+cnjqFCakk2HgWmpI12Xm4pLUyPphe4ebYoJBgehaNAxprmjFqBQ7nL95YPVz9BHyqmPg==",
      "cpu": [
        "arm64"
      ],
      "license": "MIT",
      "optional": true,
      "os": [
        "win32"
      ],
      "engines": {
        "node": "^22.20 || ^24.12 || >=25"
      }
    },
    "node_modules/@napi-rs/lzma-win32-ia32-msvc": {
      "version": "1.5.1",
      "resolved": "https://registry.npmjs.org/@napi-rs/lzma-win32-ia32-msvc/-/lzma-win32-ia32-msvc-1.5.1.tgz",
      "integrity": "sha512-dGE8L+0EQ+GyU9ap9InqB/t/PmPG/bLj918q7OsJ29FuTdn8fK4OX3U4IQZhylHIA+/dQ/SXJk5n4yfah2XVvA==",
      "cpu": [
        "ia32"
      ],
      "license": "MIT",
      "optional": true,
      "os": [
        "win32"
      ],
      "engines": {
        "node": "^22.20 || ^24.12 || >=25"
      }
    },
    "node_modules/@napi-rs/lzma-win32-x64-msvc": {
      "version": "1.5.1",
      "resolved": "https://registry.npmjs.org/@napi-rs/lzma-win32-x64-msvc/-/lzma-win32-x64-msvc-1.5.1.tgz",
      "integrity": "sha512-EKW4t/iqdCT/xnd5t9oXLvVER/PMNAWXKqUAl3fgvUcOILeZIIht77/dVnfFcc9htA/DCBXC/6YQWdW+LusjFA==",
      "cpu": [
        "x64"
      ],
      "license": "MIT",
      "optional": true,
      "os": [
        "win32"
      ],
      "engines": {
        "node": "^22.20 || ^24.12 || >=25"
      }
    },
    "node_modules/@napi-rs/wasm-runtime": {
      "version": "1.2.3",
      "resolved": "https://registry.npmjs.org/@napi-rs/wasm-runtime/-/wasm-runtime-1.2.3.tgz",
      "integrity": "sha512-UMduMbqO5s5zF2NkNacMT/yK5Y5QiKvWr2+50bzIIxFDwVJ2h49b+oyjaCGPhJxd2/gC2x39EHv/gHVuu36x2Q==",
      "license": "MIT",
      "optional": true,
      "dependencies": {
        "@tybys/wasm-util": "^0.10.3"
      },
      "engines": {
        "node": "^20.19.0 || ^22.13.0 || >=23.5.0"
      },
      "funding": {
        "type": "github",
        "url": "https://github.com/sponsors/Brooooooklyn"
      },
      "peerDependencies": {
        "@emnapi/core": "^1.7.1 || ^2.0.0-alpha.4",
        "@emnapi/runtime": "^1.7.1 || ^2.0.0-alpha.4"
      }
    },
    "node_modules/@tybys/wasm-util": {
      "version": "0.10.3",
      "resolved": "https://registry.npmjs.org/@tybys/wasm-util/-/wasm-util-0.10.3.tgz",
      "integrity": "sha512-F3fo1MYrRJYL3zER0OUOmkutjr1Vp23m7OsSgp7nq4SP6OqX6C/56XFIPAl5bt3zaBRjmW7SGz3u/6LwFpYcOg==",
      "license": "MIT",
      "optional": true,
      "dependencies": {
        "tslib": "^2.4.0"
      }
    },
    "node_modules/chownr": {
      "version": "3.0.0",
      "resolved": "https://registry.npmjs.org/chownr/-/chownr-3.0.0.tgz",
      "integrity": "sha512-+IxzY9BZOQd/XuYPRmrvEVjF/nqj5kgT4kEq7VofrDoM1MxoRjEWkrCC3EtLi59TVawxTAn+orJwFQcrqEN1+g==",
      "license": "BlueOak-1.0.0",
      "engines": {
        "node": ">=18"
      }
    },
    "node_modules/fflate": {
      "version": "0.8.3",
      "resolved": "https://registry.npmjs.org/fflate/-/fflate-0.8.3.tgz",
      "integrity": "sha512-tbZNuJrLwGUp3zshBtdy4W+ORxZuIh8a5ilyIEQDC5rY1f3U20JMry0Ll3WBzU58EZKsEuJFXhb5gwv8CsPvgA==",
      "license": "MIT"
    },
    "node_modules/minipass": {
      "version": "7.1.3",
      "resolved": "https://registry.npmjs.org/minipass/-/minipass-7.1.3.tgz",
      "integrity": "sha512-tEBHqDnIoM/1rXME1zgka9g6Q2lcoCkxHLuc7ODJ5BxbP5d4c2Z5cGgtXAku59200Cx7diuHTOYfSBD8n6mm8A==",
      "license": "BlueOak-1.0.0",
      "engines": {
        "node": ">=16 || 14 >=14.17"
      }
    },
    "node_modules/minizlib": {
      "version": "3.1.0",
      "resolved": "https://registry.npmjs.org/minizlib/-/minizlib-3.1.0.tgz",
      "integrity": "sha512-KZxYo1BUkWD2TVFLr0MQoM8vUUigWD3LlD83a/75BqC+4qE0Hb1Vo5v1FgcfaNXvfXzr+5EhQ6ing/CaBijTlw==",
      "license": "MIT",
      "dependencies": {
        "minipass": "^7.1.2"
      },
      "engines": {
        "node": ">= 18"
      }
    },
    "node_modules/tar": {
      "version": "7.5.22",
      "resolved": "https://registry.npmjs.org/tar/-/tar-7.5.22.tgz",
      "integrity": "sha512-MFO/QzvtAOmJbkhOaCTvbGcFN9L9b+JunIsDwaKljSOdcLMea3NJ1k9Usz/rjdfSXTq4dfzfeS7W4p4YOAAHeA==",
      "license": "BlueOak-1.0.0",
      "dependencies": {
        "@isaacs/fs-minipass": "^4.0.0",
        "chownr": "^3.0.0",
        "minipass": "^7.1.2",
        "minizlib": "^3.1.0",
        "yallist": "^5.0.0"
      },
      "engines": {
        "node": ">=18"
      }
    },
    "node_modules/tslib": {
      "version": "2.8.1",
      "resolved": "https://registry.npmjs.org/tslib/-/tslib-2.8.1.tgz",
      "integrity": "sha512-oJFu94HQb+KVduSUQL7wnpmqnfmLsOA/nAh6b6EH0wCEoK0/mPeXU6c3wKDV83MkOuHPRHtSXKKU99IBazS/2w==",
      "license": "0BSD",
      "optional": true
    },
    "node_modules/yallist": {
      "version": "5.0.0",
      "resolved": "https://registry.npmjs.org/yallist/-/yallist-5.0.0.tgz",
      "integrity": "sha512-YgvUTfwqyc7UXVMrB+SImsVYSmTS8X/tSrtdNZMImM+n7+QTriRXyXim0mBrTXNeqzVF0KWGgHPeiyViFFrNDw==",
      "license": "BlueOak-1.0.0",
      "engines": {
        "node": ">=18"
      }
    }
  }
}
